
Microsoft Visual Studio Solution File, Format Version 12.00
# Visual Studio Version 16
VisualStudioVersion = 16.0.35130.168
MinimumVisualStudioVersion = 10.0.40219.1
Project("{9A19103F-16F7-4668-BE54-9A1E7A4F7556}") = "WWRAPI", "WWRAPI.csproj", "{B72FBDAA-BE14-47CF-BD7E-82A7236C83FE}"
EndProject
Global
	GlobalSection(SolutionConfigurationPlatforms) = preSolution
		Debug|Any CPU = Debug|Any CPU
		Release|Any CPU = Release|Any CPU
	EndGlobalSection
	GlobalSection(ProjectConfigurationPlatforms) = postSolution
		{B72FBDAA-BE14-47CF-BD7E-82A7236C83FE}.Debug|Any CPU.ActiveCfg = Debug|Any CPU
		{B72FBDAA-BE14-47CF-BD7E-82A7236C83FE}.Debug|Any CPU.Build.0 = Debug|Any CPU
		{B72FBDAA-BE14-47CF-BD7E-82A7236C83FE}.Release|Any CPU.ActiveCfg = Release|Any CPU
		{B72FBDAA-BE14-47CF-BD7E-82A7236C83FE}.Release|Any CPU.Build.0 = Release|Any CPU
	EndGlobalSection
	GlobalSection(SolutionProperties) = preSolution
		HideSolutionNode = FALSE
	EndGlobalSection
	GlobalSection(ExtensibilityGlobals) = postSolution
		SolutionGuid = {BDA09CCF-8FEB-4BDD-8046-8F5C5194E741}
	EndGlobalSection
EndGlobal
